// !$*UTF8*$!
{
	archiveVersion = 1;
	classes = {
	};
	objectVersion = 46;
	objects = {

/* Begin PBXBuildFile section */
		3605AC1C1D34C01200DBE0B9 /* CoreFoundation.framework in Frameworks */ = {isa = PBXBuildFile; fileRef = 3605AC1B1D34C01200DBE0B9 /* CoreFoundation.framework */; };
		3605AC1E1D34C01800DBE0B9 /* CoreAudio.framework in Frameworks */ = {isa = PBXBuildFile; fileRef = 3605AC1D1D34C01800DBE0B9 /* CoreAudio.framework */; };
		3605AC201D34C01F00DBE0B9 /* AudioToolbox.framework in Frameworks */ = {isa = PBXBuildFile; fileRef = 3605AC1F1D34C01F00DBE0B9 /* AudioToolbox.framework */; };
		686F780BD2FFA74B17C71D7D /* main.swift in Sources */ = {isa = PBXBuildFile; fileRef = 686F77E53E50DB43434F6183 /* main.swift */; };
		686F7B78EA4240934267B914 /* test.c in Sources */ = {isa = PBXBuildFile; fileRef = 686F7D08EAE885A825EF9EFB /* test.c */; };
/* End PBXBuildFile section */

/* Begin PBXCopyFilesBuildPhase section */
		686F7EF22909BD2DBD5F4C4B /* CopyFiles */ = {
			isa = PBXCopyFilesBuildPhase;
			buildActionMask = 2147483647;
			dstPath = /usr/share/man/man1/;
			dstSubfolderSpec = 0;
			files = (
			);
			runOnlyForDeploymentPostprocessing = 1;
		};
/* End PBXCopyFilesBuildPhase section */

/* Begin PBXFileReference section */
		3605AC1B1D34C01200DBE0B9 /* CoreFoundation.framework */ = {isa = PBXFileReference; lastKnownFileType = wrapper.framework; name = CoreFoundation.framework; path = System/Library/Frameworks/CoreFoundation.framework; sourceTree = SDKROOT; };
		3605AC1D1D34C01800DBE0B9 /* CoreAudio.framework */ = {isa = PBXFileReference; lastKnownFileType = wrapper.framework; name = CoreAudio.framework; path = System/Library/Frameworks/CoreAudio.framework; sourceTree = SDKROOT; };
		3605AC1F1D34C01F00DBE0B9 /* AudioToolbox.framework */ = {isa = PBXFileReference; lastKnownFileType = wrapper.framework; name = AudioToolbox.framework; path = System/Library/Frameworks/AudioToolbox.framework; sourceTree = SDKROOT; };
		686F771FBAD73ECE3644DB32 /* TestBridge */ = {isa = PBXFileReference; explicitFileType = "compiled.mach-o.executable"; includeInIndex = 0; path = TestBridge; sourceTree = BUILT_PRODUCTS_DIR; };
		686F77E53E50DB43434F6183 /* main.swift */ = {isa = PBXFileReference; lastKnownFileType = sourcecode.swift; path = main.swift; sourceTree = "<group>"; };
		686F780DDF8FE4AE99F92D9B /* TestBridge-Bridging-Header.h */ = {isa = PBXFileReference; fileEncoding = 4; lastKnownFileType = sourcecode.c.h; path = "TestBridge-Bridging-Header.h"; sourceTree = "<group>"; };
		686F7D08EAE885A825EF9EFB /* test.c */ = {isa = PBXFileReference; fileEncoding = 4; lastKnownFileType = sourcecode.c.c; path = test.c; sourceTree = "<group>"; };
/* End PBXFileReference section */

/* Begin PBXFrameworksBuildPhase section */
		686F75683934EE91CFE96880 /* Frameworks */ = {
			isa = PBXFrameworksBuildPhase;
			buildActionMask = 2147483647;
			files = (
				3605AC201D34C01F00DBE0B9 /* AudioToolbox.framework in Frameworks */,
				3605AC1E1D34C01800DBE0B9 /* CoreAudio.framework in Frameworks */,
				3605AC1C1D34C01200DBE0B9 /* CoreFoundation.framework in Frameworks */,
			);
			runOnlyForDeploymentPostprocessing = 0;
		};
/* End PBXFrameworksBuildPhase section */

/* Begin PBXGroup section */
		686F712DB407E5ADE5CBD914 /* Products */ = {
			isa = PBXGroup;
			children = (
				686F771FBAD73ECE3644DB32 /* TestBridge */,
			);
			name = Products;
			sourceTree = "<group>";
		};
		686F77582DDFC2DBEBB0DFB9 /* TestBridge */ = {
			isa = PBXGroup;
			children = (
				686F77E53E50DB43434F6183 /* main.swift */,
				686F7D08EAE885A825EF9EFB /* test.c */,
				686F780DDF8FE4AE99F92D9B /* TestBridge-Bridging-Header.h */,
			);
			path = TestBridge;
			sourceTree = "<group>";
		};
		686F7A2FB9BFB9C503BF2360 = {
			isa = PBXGroup;
			children = (
				3605AC1F1D34C01F00DBE0B9 /* AudioToolbox.framework */,
				3605AC1D1D34C01800DBE0B9 /* CoreAudio.framework */,
				3605AC1B1D34C01200DBE0B9 /* CoreFoundation.framework */,
				686F712DB407E5ADE5CBD914 /* Products */,
				686F77582DDFC2DBEBB0DFB9 /* TestBridge */,
			);
			sourceTree = "<group>";
		};
/* End PBXGroup section */

/* Begin PBXNativeTarget section */
		686F7573511DFBB19680A4CC /* TestBridge */ = {
			isa = PBXNativeTarget;
			buildConfigurationList = 686F7498DC7986438AF3E611 /* Build configuration list for PBXNativeTarget "TestBridge" */;
			buildPhases = (
				686F75E6E4674908EF5C904A /* Sources */,
				686F75683934EE91CFE96880 /* Frameworks */,
				686F7EF22909BD2DBD5F4C4B /* CopyFiles */,
			);
			buildRules = (
			);
			dependencies = (
			);
			name = TestBridge;
			productName = TestBridge;
			productReference = 686F771FBAD73ECE3644DB32 /* TestBridge */;
			productType = "com.apple.product-type.tool";
		};
/* End PBXNativeTarget section */

/* Begin PBXProject section */
		686F710AE19733382630148E /* Project object */ = {
			isa = PBXProject;
			attributes = {
				LastSwiftUpdateCheck = 0730;
				ORGANIZATIONNAME = tim_shull;
			};
			buildConfigurationList = 686F7779C3C0FEEB0D65B6AF /* Build configuration list for PBXProject "TestBridge" */;
			compatibilityVersion = "Xcode 3.2";
			developmentRegion = English;
			hasScannedForEncodings = 0;
			knownRegions = (
				en,
			);
			mainGroup = 686F7A2FB9BFB9C503BF2360;
			productRefGroup = 686F712DB407E5ADE5CBD914 /* Products */;
			projectDirPath = "";
			projectRoot = "";
			targets = (
				686F7573511DFBB19680A4CC /* TestBridge */,
			);
		};
/* End PBXProject section */

/* Begin PBXSourcesBuildPhase section */
		686F75E6E4674908EF5C904A /* Sources */ = {
			isa = PBXSourcesBuildPhase;
			buildActionMask = 2147483647;
			files = (
				686F780BD2FFA74B17C71D7D /* main.swift in Sources */,
				686F7B78EA4240934267B914 /* test.c in Sources */,
			);
			runOnlyForDeploymentPostprocessing = 0;
		};
/* End PBXSourcesBuildPhase section */

/* Begin XCBuildConfiguration section */
		686F7076D3DC1AC1667A594E /* Release */ = {
			isa = XCBuildConfiguration;
			buildSettings = {
				ALWAYS_SEARCH_USER_PATHS = NO;
				CLANG_ANALYZER_NONNULL = YES;
				CLANG_CXX_LANGUAGE_STANDARD = "gnu++0x";
				CLANG_CXX_LIBRARY = "libc++";
				CLANG_ENABLE_MODULES = YES;
				CLANG_ENABLE_OBJC_ARC = YES;
				CLANG_WARN_BOOL_CONVERSION = YES;
				CLANG_WARN_CONSTANT_CONVERSION = YES;
				CLANG_WARN_DIRECT_OBJC_ISA_USAGE = YES_ERROR;
				CLANG_WARN_EMPTY_BODY = YES;
				CLANG_WARN_ENUM_CONVERSION = YES;
				CLANG_WARN_INT_CONVERSION = YES;
				CLANG_WARN_OBJC_ROOT_CLASS = YES_ERROR;
				CLANG_WARN_UNREACHABLE_CODE = YES;
				CLANG_WARN__DUPLICATE_METHOD_MATCH = YES;
				CODE_SIGN_IDENTITY = "-";
				COPY_PHASE_STRIP = NO;
				DEBUG_INFORMATION_FORMAT = "dwarf-with-dsym";
				ENABLE_NS_ASSERTIONS = NO;
				ENABLE_STRICT_OBJC_MSGSEND = YES;
				GCC_C_LANGUAGE_STANDARD = gnu99;
				GCC_NO_COMMON_BLOCKS = YES;
				GCC_WARN_64_TO_32_BIT_CONVERSION = YES;
				GCC_WARN_ABOUT_RETURN_TYPE = YES_ERROR;
				GCC_WARN_UNDECLARED_SELECTOR = YES;
				GCC_WARN_UNINITIALIZED_AUTOS = YES_AGGRESSIVE;
				GCC_WARN_UNUSED_FUNCTION = YES;
				GCC_WARN_UNUSED_VARIABLE = YES;
				MACOSX_DEPLOYMENT_TARGET = 10.11;
				MTL_ENABLE_DEBUG_INFO = NO;
				SDKROOT = macosx;
			};
			name = Release;
		};
		686F7C31092E061302B983B9 /* Release */ = {
			isa = XCBuildConfiguration;
			buildSettings = {
				PRODUCT_NAME = "$(TARGET_NAME)";
				SWIFT_OBJC_BRIDGING_HEADER = "TestBridge/TestBridge-Bridging-Header.h";
			};
			name = Release;
		};
		686F7C8B208A371A51E37BB5 /* Debug */ = {
			isa = XCBuildConfiguration;
			buildSettings = {
				ALWAYS_SEARCH_USER_PATHS = NO;
				CLANG_ANALYZER_NONNULL = YES;
				CLANG_CXX_LANGUAGE_STANDARD = "gnu++0x";
				CLANG_CXX_LIBRARY = "libc++";
				CLANG_ENABLE_MODULES = YES;
				CLANG_ENABLE_OBJC_ARC = YES;
				CLANG_WARN_BOOL_CONVERSION = YES;
				CLANG_WARN_CONSTANT_CONVERSION = YES;
				CLANG_WARN_DIRECT_OBJC_ISA_USAGE = YES_ERROR;
				CLANG_WARN_EMPTY_BODY = YES;
				CLANG_WARN_ENUM_CONVERSION = YES;
				CLANG_WARN_INT_CONVERSION = YES;
				CLANG_WARN_OBJC_ROOT_CLASS = YES_ERROR;
				CLANG_WARN_UNREACHABLE_CODE = YES;
				CLANG_WARN__DUPLICATE_METHOD_MATCH = YES;
				CODE_SIGN_IDENTITY = "-";
				COPY_PHASE_STRIP = NO;
				DEBUG_INFORMATION_FORMAT = dwarf;
				ENABLE_STRICT_OBJC_MSGSEND = YES;
				ENABLE_TESTABILITY = YES;
				GCC_C_LANGUAGE_STANDARD = gnu99;
				GCC_DYNAMIC_NO_PIC = NO;
				GCC_NO_COMMON_BLOCKS = YES;
				GCC_OPTIMIZATION_LEVEL = 0;
				GCC_PREPROCESSOR_DEFINITIONS = (
					"DEBUG=1",
					"$(inherited)",
				);
				GCC_WARN_64_TO_32_BIT_CONVERSION = YES;
				GCC_WARN_ABOUT_RETURN_TYPE = YES_ERROR;
				GCC_WARN_UNDECLARED_SELECTOR = YES;
				GCC_WARN_UNINITIALIZED_AUTOS = YES_AGGRESSIVE;
				GCC_WARN_UNUSED_FUNCTION = YES;
				GCC_WARN_UNUSED_VARIABLE = YES;
				MACOSX_DEPLOYMENT_TARGET = 10.11;
				MTL_ENABLE_DEBUG_INFO = YES;
				ONLY_ACTIVE_ARCH = YES;
				SDKROOT = macosx;
				SWIFT_OPTIMIZATION_LEVEL = "-Onone";
			};
			name = Debug;
		};
		686F7D32CBA9D02182FC1ABA /* Debug */ = {
			isa = XCBuildConfiguration;
			buildSettings = {
				PRODUCT_NAME = "$(TARGET_NAME)";
				SWIFT_OBJC_BRIDGING_HEADER = "TestBridge/TestBridge-Bridging-Header.h";
			};
			name = Debug;
		};
/* End XCBuildConfiguration section */

/* Begin XCConfigurationList section */
		686F7498DC7986438AF3E611 /* Build configuration list for PBXNativeTarget "TestBridge" */ = {
			isa = XCConfigurationList;
			buildConfigurations = (
				686F7D32CBA9D02182FC1ABA /* Debug */,
				686F7C31092E061302B983B9 /* Release */,
			);
			defaultConfigurationIsVisible = 0;
			defaultConfigurationName = Release;
		};
		686F7779C3C0FEEB0D65B6AF /* Build configuration list for PBXProject "TestBridge" */ = {
			isa = XCConfigurationList;
			buildConfigurations = (
				686F7C8B208A371A51E37BB5 /* Debug */,
				686F7076D3DC1AC1667A594E /* Release */,
			);
			defaultConfigurationIsVisible = 0;
			defaultConfigurationName = Release;
		};
/* End XCConfigurationList section */
	};
	rootObject = 686F710AE19733382630148E /* Project object */;
}
