<?xml version="1.0" encoding="UTF-8"?>
<Scheme
   version = "1.3">
   <BuildAction>
      <BuildActionEntries>
         <BuildActionEntry
            buildForRunning = "YES">
            <BuildableReference
               BuildableIdentifier = "primary"
               BlueprintIdentifier = "686F767345C1A54C0DDC191F"
               BuildableName = "SwiftCkbkTranslate"
               BlueprintName = "SwiftCkbkTranslate"
               ReferencedContainer = "container:SwiftCkbkTranslate.xcodeproj">
            </BuildableReference>
         </BuildActionEntry>
      </BuildActionEntries>
   </BuildAction>
   <LaunchAction
      useCustomWorkingDirectory = "NO"
      buildConfiguration = "Debug">
      <BuildableProductRunnable>
         <BuildableReference
            BuildableIdentifier = "primary"
            BlueprintIdentifier = "686F767345C1A54C0DDC191F"
            BuildableName = "SwiftCkbkTranslate"
            BlueprintName = "SwiftCkbkTranslate"
            ReferencedContainer = "container:SwiftCkbkTranslate.xcodeproj">
         </BuildableReference>
      </BuildableProductRunnable>
   </LaunchAction>
</Scheme>
