// !$*UTF8*$!
{
	archiveVersion = 1;
	classes = {
	};
	objectVersion = 46;
	objects = {

/* Begin PBXBuildFile section */
		364C06381D31CEC700013E6E /* AppDelegate.swift in Sources */ = {isa = PBXBuildFile; fileRef = 364C06371D31CEC700013E6E /* AppDelegate.swift */; };
		364C063A1D31CEC700013E6E /* Assets.xcassets in Resources */ = {isa = PBXBuildFile; fileRef = 364C06391D31CEC700013E6E /* Assets.xcassets */; };
		364C063D1D31CEC700013E6E /* MainMenu.xib in Resources */ = {isa = PBXBuildFile; fileRef = 364C063B1D31CEC700013E6E /* MainMenu.xib */; };
		364C06451D31CEE100013E6E /* MainWindowController.xib in Resources */ = {isa = PBXBuildFile; fileRef = 364C06441D31CEE100013E6E /* MainWindowController.xib */; };
		364C06471D31CEFB00013E6E /* MainWindowController.swift in Sources */ = {isa = PBXBuildFile; fileRef = 364C06461D31CEFB00013E6E /* MainWindowController.swift */; };
/* End PBXBuildFile section */

/* Begin PBXFileReference section */
		364C06341D31CEC700013E6E /* BusyBoard.app */ = {isa = PBXFileReference; explicitFileType = wrapper.application; includeInIndex = 0; path = BusyBoard.app; sourceTree = BUILT_PRODUCTS_DIR; };
		364C06371D31CEC700013E6E /* AppDelegate.swift */ = {isa = PBXFileReference; lastKnownFileType = sourcecode.swift; path = AppDelegate.swift; sourceTree = "<group>"; };
		364C06391D31CEC700013E6E /* Assets.xcassets */ = {isa = PBXFileReference; lastKnownFileType = folder.assetcatalog; path = Assets.xcassets; sourceTree = "<group>"; };
		364C063C1D31CEC700013E6E /* Base */ = {isa = PBXFileReference; lastKnownFileType = file.xib; name = Base; path = Base.lproj/MainMenu.xib; sourceTree = "<group>"; };
		364C063E1D31CEC700013E6E /* Info.plist */ = {isa = PBXFileReference; lastKnownFileType = text.plist.xml; path = Info.plist; sourceTree = "<group>"; };
		364C06441D31CEE100013E6E /* MainWindowController.xib */ = {isa = PBXFileReference; fileEncoding = 4; lastKnownFileType = file.xib; path = MainWindowController.xib; sourceTree = "<group>"; };
		364C06461D31CEFB00013E6E /* MainWindowController.swift */ = {isa = PBXFileReference; fileEncoding = 4; lastKnownFileType = sourcecode.swift; path = MainWindowController.swift; sourceTree = "<group>"; };
/* End PBXFileReference section */

/* Begin PBXFrameworksBuildPhase section */
		364C06311D31CEC700013E6E /* Frameworks */ = {
			isa = PBXFrameworksBuildPhase;
			buildActionMask = 2147483647;
			files = (
			);
			runOnlyForDeploymentPostprocessing = 0;
		};
/* End PBXFrameworksBuildPhase section */

/* Begin PBXGroup section */
		364C062B1D31CEC700013E6E = {
			isa = PBXGroup;
			children = (
				364C06361D31CEC700013E6E /* BusyBoard */,
				364C06351D31CEC700013E6E /* Products */,
			);
			sourceTree = "<group>";
		};
		364C06351D31CEC700013E6E /* Products */ = {
			isa = PBXGroup;
			children = (
				364C06341D31CEC700013E6E /* BusyBoard.app */,
			);
			name = Products;
			sourceTree = "<group>";
		};
		364C06361D31CEC700013E6E /* BusyBoard */ = {
			isa = PBXGroup;
			children = (
				364C06371D31CEC700013E6E /* AppDelegate.swift */,
				364C06461D31CEFB00013E6E /* MainWindowController.swift */,
				364C06391D31CEC700013E6E /* Assets.xcassets */,
				364C063B1D31CEC700013E6E /* MainMenu.xib */,
				364C06441D31CEE100013E6E /* MainWindowController.xib */,
				364C063E1D31CEC700013E6E /* Info.plist */,
			);
			path = BusyBoard;
			sourceTree = "<group>";
		};
/* End PBXGroup section */

/* Begin PBXNativeTarget section */
		364C06331D31CEC700013E6E /* BusyBoard */ = {
			isa = PBXNativeTarget;
			buildConfigurationList = 364C06411D31CEC700013E6E /* Build configuration list for PBXNativeTarget "BusyBoard" */;
			buildPhases = (
				364C06301D31CEC700013E6E /* Sources */,
				364C06311D31CEC700013E6E /* Frameworks */,
				364C06321D31CEC700013E6E /* Resources */,
			);
			buildRules = (
			);
			dependencies = (
			);
			name = BusyBoard;
			productName = BusyBoard;
			productReference = 364C06341D31CEC700013E6E /* BusyBoard.app */;
			productType = "com.apple.product-type.application";
		};
/* End PBXNativeTarget section */

/* Begin PBXProject section */
		364C062C1D31CEC700013E6E /* Project object */ = {
			isa = PBXProject;
			attributes = {
				LastSwiftUpdateCheck = 0730;
				LastUpgradeCheck = 0730;
				ORGANIZATIONNAME = "Timothy Shull";
				TargetAttributes = {
					364C06331D31CEC700013E6E = {
						CreatedOnToolsVersion = 7.3.1;
					};
				};
			};
			buildConfigurationList = 364C062F1D31CEC700013E6E /* Build configuration list for PBXProject "BusyBoard" */;
			compatibilityVersion = "Xcode 3.2";
			developmentRegion = English;
			hasScannedForEncodings = 0;
			knownRegions = (
				en,
				Base,
			);
			mainGroup = 364C062B1D31CEC700013E6E;
			productRefGroup = 364C06351D31CEC700013E6E /* Products */;
			projectDirPath = "";
			projectRoot = "";
			targets = (
				364C06331D31CEC700013E6E /* BusyBoard */,
			);
		};
/* End PBXProject section */

/* Begin PBXResourcesBuildPhase section */
		364C06321D31CEC700013E6E /* Resources */ = {
			isa = PBXResourcesBuildPhase;
			buildActionMask = 2147483647;
			files = (
				364C063A1D31CEC700013E6E /* Assets.xcassets in Resources */,
				364C06451D31CEE100013E6E /* MainWindowController.xib in Resources */,
				364C063D1D31CEC700013E6E /* MainMenu.xib in Resources */,
			);
			runOnlyForDeploymentPostprocessing = 0;
		};
/* End PBXResourcesBuildPhase section */

/* Begin PBXSourcesBuildPhase section */
		364C06301D31CEC700013E6E /* Sources */ = {
			isa = PBXSourcesBuildPhase;
			buildActionMask = 2147483647;
			files = (
				364C06471D31CEFB00013E6E /* MainWindowController.swift in Sources */,
				364C06381D31CEC700013E6E /* AppDelegate.swift in Sources */,
			);
			runOnlyForDeploymentPostprocessing = 0;
		};
/* End PBXSourcesBuildPhase section */

/* Begin PBXVariantGroup section */
		364C063B1D31CEC700013E6E /* MainMenu.xib */ = {
			isa = PBXVariantGroup;
			children = (
				364C063C1D31CEC700013E6E /* Base */,
			);
			name = MainMenu.xib;
			sourceTree = "<group>";
		};
/* End PBXVariantGroup section */

/* Begin XCBuildConfiguration section */
		364C063F1D31CEC700013E6E /* Debug */ = {
			isa = XCBuildConfiguration;
			buildSettings = {
				ALWAYS_SEARCH_USER_PATHS = NO;
				CLANG_ANALYZER_NONNULL = YES;
				CLANG_CXX_LANGUAGE_STANDARD = "gnu++0x";
				CLANG_CXX_LIBRARY = "libc++";
				CLANG_ENABLE_MODULES = YES;
				CLANG_ENABLE_OBJC_ARC = YES;
				CLANG_WARN_BOOL_CONVERSION = YES;
				CLANG_WARN_CONSTANT_CONVERSION = YES;
				CLANG_WARN_DIRECT_OBJC_ISA_USAGE = YES_ERROR;
				CLANG_WARN_EMPTY_BODY = YES;
				CLANG_WARN_ENUM_CONVERSION = YES;
				CLANG_WARN_INT_CONVERSION = YES;
				CLANG_WARN_OBJC_ROOT_CLASS = YES_ERROR;
				CLANG_WARN_UNREACHABLE_CODE = YES;
				CLANG_WARN__DUPLICATE_METHOD_MATCH = YES;
				CODE_SIGN_IDENTITY = "-";
				COPY_PHASE_STRIP = NO;
				DEBUG_INFORMATION_FORMAT = dwarf;
				ENABLE_STRICT_OBJC_MSGSEND = YES;
				ENABLE_TESTABILITY = YES;
				GCC_C_LANGUAGE_STANDARD = gnu99;
				GCC_DYNAMIC_NO_PIC = NO;
				GCC_NO_COMMON_BLOCKS = YES;
				GCC_OPTIMIZATION_LEVEL = 0;
				GCC_PREPROCESSOR_DEFINITIONS = (
					"DEBUG=1",
					"$(inherited)",
				);
				GCC_WARN_64_TO_32_BIT_CONVERSION = YES;
				GCC_WARN_ABOUT_RETURN_TYPE = YES_ERROR;
				GCC_WARN_UNDECLARED_SELECTOR = YES;
				GCC_WARN_UNINITIALIZED_AUTOS = YES_AGGRESSIVE;
				GCC_WARN_UNUSED_FUNCTION = YES;
				GCC_WARN_UNUSED_VARIABLE = YES;
				MACOSX_DEPLOYMENT_TARGET = 10.11;
				MTL_ENABLE_DEBUG_INFO = YES;
				ONLY_ACTIVE_ARCH = YES;
				SDKROOT = macosx;
				SWIFT_OPTIMIZATION_LEVEL = "-Onone";
			};
			name = Debug;
		};
		364C06401D31CEC700013E6E /* Release */ = {
			isa = XCBuildConfiguration;
			buildSettings = {
				ALWAYS_SEARCH_USER_PATHS = NO;
				CLANG_ANALYZER_NONNULL = YES;
				CLANG_CXX_LANGUAGE_STANDARD = "gnu++0x";
				CLANG_CXX_LIBRARY = "libc++";
				CLANG_ENABLE_MODULES = YES;
				CLANG_ENABLE_OBJC_ARC = YES;
				CLANG_WARN_BOOL_CONVERSION = YES;
				CLANG_WARN_CONSTANT_CONVERSION = YES;
				CLANG_WARN_DIRECT_OBJC_ISA_USAGE = YES_ERROR;
				CLANG_WARN_EMPTY_BODY = YES;
				CLANG_WARN_ENUM_CONVERSION = YES;
				CLANG_WARN_INT_CONVERSION = YES;
				CLANG_WARN_OBJC_ROOT_CLASS = YES_ERROR;
				CLANG_WARN_UNREACHABLE_CODE = YES;
				CLANG_WARN__DUPLICATE_METHOD_MATCH = YES;
				CODE_SIGN_IDENTITY = "-";
				COPY_PHASE_STRIP = NO;
				DEBUG_INFORMATION_FORMAT = "dwarf-with-dsym";
				ENABLE_NS_ASSERTIONS = NO;
				ENABLE_STRICT_OBJC_MSGSEND = YES;
				GCC_C_LANGUAGE_STANDARD = gnu99;
				GCC_NO_COMMON_BLOCKS = YES;
				GCC_WARN_64_TO_32_BIT_CONVERSION = YES;
				GCC_WARN_ABOUT_RETURN_TYPE = YES_ERROR;
				GCC_WARN_UNDECLARED_SELECTOR = YES;
				GCC_WARN_UNINITIALIZED_AUTOS = YES_AGGRESSIVE;
				GCC_WARN_UNUSED_FUNCTION = YES;
				GCC_WARN_UNUSED_VARIABLE = YES;
				MACOSX_DEPLOYMENT_TARGET = 10.11;
				MTL_ENABLE_DEBUG_INFO = NO;
				SDKROOT = macosx;
			};
			name = Release;
		};
		364C06421D31CEC700013E6E /* Debug */ = {
			isa = XCBuildConfiguration;
			buildSettings = {
				ASSETCATALOG_COMPILER_APPICON_NAME = AppIcon;
				COMBINE_HIDPI_IMAGES = YES;
				INFOPLIST_FILE = BusyBoard/Info.plist;
				LD_RUNPATH_SEARCH_PATHS = "$(inherited) @executable_path/../Frameworks";
				PRODUCT_BUNDLE_IDENTIFIER = com.skull.BusyBoard;
				PRODUCT_NAME = "$(TARGET_NAME)";
			};
			name = Debug;
		};
		364C06431D31CEC700013E6E /* Release */ = {
			isa = XCBuildConfiguration;
			buildSettings = {
				ASSETCATALOG_COMPILER_APPICON_NAME = AppIcon;
				COMBINE_HIDPI_IMAGES = YES;
				INFOPLIST_FILE = BusyBoard/Info.plist;
				LD_RUNPATH_SEARCH_PATHS = "$(inherited) @executable_path/../Frameworks";
				PRODUCT_BUNDLE_IDENTIFIER = com.skull.BusyBoard;
				PRODUCT_NAME = "$(TARGET_NAME)";
			};
			name = Release;
		};
/* End XCBuildConfiguration section */

/* Begin XCConfigurationList section */
		364C062F1D31CEC700013E6E /* Build configuration list for PBXProject "BusyBoard" */ = {
			isa = XCConfigurationList;
			buildConfigurations = (
				364C063F1D31CEC700013E6E /* Debug */,
				364C06401D31CEC700013E6E /* Release */,
			);
			defaultConfigurationIsVisible = 0;
			defaultConfigurationName = Release;
		};
		364C06411D31CEC700013E6E /* Build configuration list for PBXNativeTarget "BusyBoard" */ = {
			isa = XCConfigurationList;
			buildConfigurations = (
				364C06421D31CEC700013E6E /* Debug */,
				364C06431D31CEC700013E6E /* Release */,
			);
			defaultConfigurationIsVisible = 0;
		};
/* End XCConfigurationList section */
	};
	rootObject = 364C062C1D31CEC700013E6E /* Project object */;
}
