// !$*UTF8*$!
{
	archiveVersion = 1;
	classes = {
	};
	objectVersion = 46;
	objects = {

/* Begin PBXBuildFile section */
		3629B6C41D8FA8160081D597 /* main.swift in Sources */ = {isa = PBXBuildFile; fileRef = 3629B6C31D8FA8160081D597 /* main.swift */; };
		3629B6CE1D8FA8660081D597 /* CExample.c in Sources */ = {isa = PBXBuildFile; fileRef = 3629B6CC1D8FA8660081D597 /* CExample.c */; };
/* End PBXBuildFile section */

/* Begin PBXCopyFilesBuildPhase section */
		3629B6BE1D8FA8160081D597 /* CopyFiles */ = {
			isa = PBXCopyFilesBuildPhase;
			buildActionMask = 2147483647;
			dstPath = /usr/share/man/man1/;
			dstSubfolderSpec = 0;
			files = (
			);
			runOnlyForDeploymentPostprocessing = 1;
		};
/* End PBXCopyFilesBuildPhase section */

/* Begin PBXFileReference section */
		3629B6C01D8FA8160081D597 /* SwiftAndC */ = {isa = PBXFileReference; explicitFileType = "compiled.mach-o.executable"; includeInIndex = 0; path = SwiftAndC; sourceTree = BUILT_PRODUCTS_DIR; };
		3629B6C31D8FA8160081D597 /* main.swift */ = {isa = PBXFileReference; lastKnownFileType = sourcecode.swift; path = main.swift; sourceTree = "<group>"; };
		3629B6CA1D8FA8650081D597 /* SwiftAndC-Bridging-Header.h */ = {isa = PBXFileReference; lastKnownFileType = sourcecode.c.h; path = "SwiftAndC-Bridging-Header.h"; sourceTree = "<group>"; };
		3629B6CB1D8FA8660081D597 /* module.map */ = {isa = PBXFileReference; fileEncoding = 4; lastKnownFileType = "sourcecode.module-map"; path = module.map; sourceTree = "<group>"; };
		3629B6CC1D8FA8660081D597 /* CExample.c */ = {isa = PBXFileReference; fileEncoding = 4; lastKnownFileType = sourcecode.c.c; path = CExample.c; sourceTree = "<group>"; };
		3629B6CD1D8FA8660081D597 /* CExample.h */ = {isa = PBXFileReference; fileEncoding = 4; lastKnownFileType = sourcecode.c.h; path = CExample.h; sourceTree = "<group>"; };
/* End PBXFileReference section */

/* Begin PBXFrameworksBuildPhase section */
		3629B6BD1D8FA8160081D597 /* Frameworks */ = {
			isa = PBXFrameworksBuildPhase;
			buildActionMask = 2147483647;
			files = (
			);
			runOnlyForDeploymentPostprocessing = 0;
		};
/* End PBXFrameworksBuildPhase section */

/* Begin PBXGroup section */
		3629B6B71D8FA8160081D597 = {
			isa = PBXGroup;
			children = (
				3629B6C21D8FA8160081D597 /* SwiftAndC */,
				3629B6C11D8FA8160081D597 /* Products */,
			);
			sourceTree = "<group>";
		};
		3629B6C11D8FA8160081D597 /* Products */ = {
			isa = PBXGroup;
			children = (
				3629B6C01D8FA8160081D597 /* SwiftAndC */,
			);
			name = Products;
			sourceTree = "<group>";
		};
		3629B6C21D8FA8160081D597 /* SwiftAndC */ = {
			isa = PBXGroup;
			children = (
				3629B6CB1D8FA8660081D597 /* module.map */,
				3629B6CC1D8FA8660081D597 /* CExample.c */,
				3629B6CD1D8FA8660081D597 /* CExample.h */,
				3629B6C31D8FA8160081D597 /* main.swift */,
				3629B6CA1D8FA8650081D597 /* SwiftAndC-Bridging-Header.h */,
			);
			path = SwiftAndC;
			sourceTree = "<group>";
		};
/* End PBXGroup section */

/* Begin PBXNativeTarget section */
		3629B6BF1D8FA8160081D597 /* SwiftAndC */ = {
			isa = PBXNativeTarget;
			buildConfigurationList = 3629B6C71D8FA8160081D597 /* Build configuration list for PBXNativeTarget "SwiftAndC" */;
			buildPhases = (
				3629B6BC1D8FA8160081D597 /* Sources */,
				3629B6BD1D8FA8160081D597 /* Frameworks */,
				3629B6BE1D8FA8160081D597 /* CopyFiles */,
			);
			buildRules = (
			);
			dependencies = (
			);
			name = SwiftAndC;
			productName = SwiftAndC;
			productReference = 3629B6C01D8FA8160081D597 /* SwiftAndC */;
			productType = "com.apple.product-type.tool";
		};
/* End PBXNativeTarget section */

/* Begin PBXProject section */
		3629B6B81D8FA8160081D597 /* Project object */ = {
			isa = PBXProject;
			attributes = {
				LastSwiftUpdateCheck = 0800;
				LastUpgradeCheck = 0800;
				ORGANIZATIONNAME = "Tim Shull";
				TargetAttributes = {
					3629B6BF1D8FA8160081D597 = {
						CreatedOnToolsVersion = 8.0;
						LastSwiftMigration = 0800;
						ProvisioningStyle = Automatic;
					};
				};
			};
			buildConfigurationList = 3629B6BB1D8FA8160081D597 /* Build configuration list for PBXProject "SwiftAndC" */;
			compatibilityVersion = "Xcode 3.2";
			developmentRegion = English;
			hasScannedForEncodings = 0;
			knownRegions = (
				en,
			);
			mainGroup = 3629B6B71D8FA8160081D597;
			productRefGroup = 3629B6C11D8FA8160081D597 /* Products */;
			projectDirPath = "";
			projectRoot = "";
			targets = (
				3629B6BF1D8FA8160081D597 /* SwiftAndC */,
			);
		};
/* End PBXProject section */

/* Begin PBXSourcesBuildPhase section */
		3629B6BC1D8FA8160081D597 /* Sources */ = {
			isa = PBXSourcesBuildPhase;
			buildActionMask = 2147483647;
			files = (
				3629B6CE1D8FA8660081D597 /* CExample.c in Sources */,
				3629B6C41D8FA8160081D597 /* main.swift in Sources */,
			);
			runOnlyForDeploymentPostprocessing = 0;
		};
/* End PBXSourcesBuildPhase section */

/* Begin XCBuildConfiguration section */
		3629B6C51D8FA8160081D597 /* Debug */ = {
			isa = XCBuildConfiguration;
			buildSettings = {
				ALWAYS_SEARCH_USER_PATHS = NO;
				CLANG_ANALYZER_NONNULL = YES;
				CLANG_CXX_LANGUAGE_STANDARD = "gnu++0x";
				CLANG_CXX_LIBRARY = "libc++";
				CLANG_ENABLE_MODULES = YES;
				CLANG_ENABLE_OBJC_ARC = YES;
				CLANG_WARN_BOOL_CONVERSION = YES;
				CLANG_WARN_CONSTANT_CONVERSION = YES;
				CLANG_WARN_DIRECT_OBJC_ISA_USAGE = YES_ERROR;
				CLANG_WARN_DOCUMENTATION_COMMENTS = YES;
				CLANG_WARN_EMPTY_BODY = YES;
				CLANG_WARN_ENUM_CONVERSION = YES;
				CLANG_WARN_INFINITE_RECURSION = YES;
				CLANG_WARN_INT_CONVERSION = YES;
				CLANG_WARN_OBJC_ROOT_CLASS = YES_ERROR;
				CLANG_WARN_SUSPICIOUS_MOVES = YES;
				CLANG_WARN_UNREACHABLE_CODE = YES;
				CLANG_WARN__DUPLICATE_METHOD_MATCH = YES;
				CODE_SIGN_IDENTITY = "-";
				COPY_PHASE_STRIP = NO;
				DEBUG_INFORMATION_FORMAT = dwarf;
				ENABLE_STRICT_OBJC_MSGSEND = YES;
				ENABLE_TESTABILITY = YES;
				GCC_C_LANGUAGE_STANDARD = gnu99;
				GCC_DYNAMIC_NO_PIC = NO;
				GCC_NO_COMMON_BLOCKS = YES;
				GCC_OPTIMIZATION_LEVEL = 0;
				GCC_PREPROCESSOR_DEFINITIONS = (
					"DEBUG=1",
					"$(inherited)",
				);
				GCC_WARN_64_TO_32_BIT_CONVERSION = YES;
				GCC_WARN_ABOUT_RETURN_TYPE = YES_ERROR;
				GCC_WARN_UNDECLARED_SELECTOR = YES;
				GCC_WARN_UNINITIALIZED_AUTOS = YES_AGGRESSIVE;
				GCC_WARN_UNUSED_FUNCTION = YES;
				GCC_WARN_UNUSED_VARIABLE = YES;
				MACOSX_DEPLOYMENT_TARGET = 10.11;
				MTL_ENABLE_DEBUG_INFO = YES;
				ONLY_ACTIVE_ARCH = YES;
				SDKROOT = macosx;
				SWIFT_OPTIMIZATION_LEVEL = "-Onone";
			};
			name = Debug;
		};
		3629B6C61D8FA8160081D597 /* Release */ = {
			isa = XCBuildConfiguration;
			buildSettings = {
				ALWAYS_SEARCH_USER_PATHS = NO;
				CLANG_ANALYZER_NONNULL = YES;
				CLANG_CXX_LANGUAGE_STANDARD = "gnu++0x";
				CLANG_CXX_LIBRARY = "libc++";
				CLANG_ENABLE_MODULES = YES;
				CLANG_ENABLE_OBJC_ARC = YES;
				CLANG_WARN_BOOL_CONVERSION = YES;
				CLANG_WARN_CONSTANT_CONVERSION = YES;
				CLANG_WARN_DIRECT_OBJC_ISA_USAGE = YES_ERROR;
				CLANG_WARN_DOCUMENTATION_COMMENTS = YES;
				CLANG_WARN_EMPTY_BODY = YES;
				CLANG_WARN_ENUM_CONVERSION = YES;
				CLANG_WARN_INFINITE_RECURSION = YES;
				CLANG_WARN_INT_CONVERSION = YES;
				CLANG_WARN_OBJC_ROOT_CLASS = YES_ERROR;
				CLANG_WARN_SUSPICIOUS_MOVES = YES;
				CLANG_WARN_UNREACHABLE_CODE = YES;
				CLANG_WARN__DUPLICATE_METHOD_MATCH = YES;
				CODE_SIGN_IDENTITY = "-";
				COPY_PHASE_STRIP = NO;
				DEBUG_INFORMATION_FORMAT = "dwarf-with-dsym";
				ENABLE_NS_ASSERTIONS = NO;
				ENABLE_STRICT_OBJC_MSGSEND = YES;
				GCC_C_LANGUAGE_STANDARD = gnu99;
				GCC_NO_COMMON_BLOCKS = YES;
				GCC_WARN_64_TO_32_BIT_CONVERSION = YES;
				GCC_WARN_ABOUT_RETURN_TYPE = YES_ERROR;
				GCC_WARN_UNDECLARED_SELECTOR = YES;
				GCC_WARN_UNINITIALIZED_AUTOS = YES_AGGRESSIVE;
				GCC_WARN_UNUSED_FUNCTION = YES;
				GCC_WARN_UNUSED_VARIABLE = YES;
				MACOSX_DEPLOYMENT_TARGET = 10.11;
				MTL_ENABLE_DEBUG_INFO = NO;
				SDKROOT = macosx;
			};
			name = Release;
		};
		3629B6C81D8FA8160081D597 /* Debug */ = {
			isa = XCBuildConfiguration;
			buildSettings = {
				CLANG_ENABLE_MODULES = YES;
				LD_RUNPATH_SEARCH_PATHS = "$(inherited) @executable_path/../Frameworks @loader_path/../Frameworks";
				PRODUCT_NAME = "$(TARGET_NAME)";
				SWIFT_INCLUDE_PATHS = "${SOURCEROOT}/SwiftAndC/**";
				SWIFT_OBJC_BRIDGING_HEADER = "SwiftAndC/SwiftAndC-Bridging-Header.h";
				SWIFT_OPTIMIZATION_LEVEL = "-Onone";
				SWIFT_VERSION = 3.0;
			};
			name = Debug;
		};
		3629B6C91D8FA8160081D597 /* Release */ = {
			isa = XCBuildConfiguration;
			buildSettings = {
				CLANG_ENABLE_MODULES = YES;
				LD_RUNPATH_SEARCH_PATHS = "$(inherited) @executable_path/../Frameworks @loader_path/../Frameworks";
				PRODUCT_NAME = "$(TARGET_NAME)";
				SWIFT_INCLUDE_PATHS = "${SOURCEROOT}/SwiftAndC/**";
				SWIFT_OBJC_BRIDGING_HEADER = "SwiftAndC/SwiftAndC-Bridging-Header.h";
				SWIFT_VERSION = 3.0;
			};
			name = Release;
		};
/* End XCBuildConfiguration section */

/* Begin XCConfigurationList section */
		3629B6BB1D8FA8160081D597 /* Build configuration list for PBXProject "SwiftAndC" */ = {
			isa = XCConfigurationList;
			buildConfigurations = (
				3629B6C51D8FA8160081D597 /* Debug */,
				3629B6C61D8FA8160081D597 /* Release */,
			);
			defaultConfigurationIsVisible = 0;
			defaultConfigurationName = Release;
		};
		3629B6C71D8FA8160081D597 /* Build configuration list for PBXNativeTarget "SwiftAndC" */ = {
			isa = XCConfigurationList;
			buildConfigurations = (
				3629B6C81D8FA8160081D597 /* Debug */,
				3629B6C91D8FA8160081D597 /* Release */,
			);
			defaultConfigurationIsVisible = 0;
		};
/* End XCConfigurationList section */
	};
	rootObject = 3629B6B81D8FA8160081D597 /* Project object */;
}
