// !$*UTF8*$!
{
	archiveVersion = 1;
	classes = {
	};
	objectVersion = 46;
	objects = {

/* Begin PBXBuildFile section */
		686F766D1A19726D599B5DDB /* main.swift in Sources */ = {isa = PBXBuildFile; fileRef = 686F78C35641818176BFC013 /* main.swift */; };
		686F76855F977176D0F7999D /* ch1.swift in Sources */ = {isa = PBXBuildFile; fileRef = 686F7E3458B74BEA3AE5B66E /* ch1.swift */; };
/* End PBXBuildFile section */

/* Begin PBXCopyFilesBuildPhase section */
		686F7F87DF98F5DE5BC6C069 /* CopyFiles */ = {
			isa = PBXCopyFilesBuildPhase;
			buildActionMask = 2147483647;
			dstPath = /usr/share/man/man1/;
			dstSubfolderSpec = 0;
			files = (
			);
			runOnlyForDeploymentPostprocessing = 1;
		};
/* End PBXCopyFilesBuildPhase section */

/* Begin PBXFileReference section */
		686F783BE02FC37A98776182 /* SwiftCkbkTranslate */ = {isa = PBXFileReference; explicitFileType = "compiled.mach-o.executable"; includeInIndex = 0; path = SwiftCkbkTranslate; sourceTree = BUILT_PRODUCTS_DIR; };
		686F78C35641818176BFC013 /* main.swift */ = {isa = PBXFileReference; lastKnownFileType = sourcecode.swift; path = main.swift; sourceTree = "<group>"; };
		686F7E3458B74BEA3AE5B66E /* ch1.swift */ = {isa = PBXFileReference; fileEncoding = 4; lastKnownFileType = sourcecode.swift; path = ch1.swift; sourceTree = "<group>"; };
/* End PBXFileReference section */

/* Begin PBXFrameworksBuildPhase section */
		686F751DE88E180DFF693D9A /* Frameworks */ = {
			isa = PBXFrameworksBuildPhase;
			buildActionMask = 2147483647;
			files = (
			);
			runOnlyForDeploymentPostprocessing = 0;
		};
/* End PBXFrameworksBuildPhase section */

/* Begin PBXGroup section */
		686F72F749DB00787D7E6C75 /* Products */ = {
			isa = PBXGroup;
			children = (
				686F783BE02FC37A98776182 /* SwiftCkbkTranslate */,
			);
			name = Products;
			sourceTree = "<group>";
		};
		686F7ACFCFF356BC90DA579C = {
			isa = PBXGroup;
			children = (
				686F72F749DB00787D7E6C75 /* Products */,
				686F7D7D6D42E3868BB36A8B /* SwiftCkbkTranslate */,
			);
			sourceTree = "<group>";
		};
		686F7D7D6D42E3868BB36A8B /* SwiftCkbkTranslate */ = {
			isa = PBXGroup;
			children = (
				686F78C35641818176BFC013 /* main.swift */,
				686F7E3458B74BEA3AE5B66E /* ch1.swift */,
			);
			path = SwiftCkbkTranslate;
			sourceTree = "<group>";
		};
/* End PBXGroup section */

/* Begin PBXNativeTarget section */
		686F767345C1A54C0DDC191F /* SwiftCkbkTranslate */ = {
			isa = PBXNativeTarget;
			buildConfigurationList = 686F71D38902475FA62DCF53 /* Build configuration list for PBXNativeTarget "SwiftCkbkTranslate" */;
			buildPhases = (
				686F7308C52B838302F68832 /* Sources */,
				686F751DE88E180DFF693D9A /* Frameworks */,
				686F7F87DF98F5DE5BC6C069 /* CopyFiles */,
			);
			buildRules = (
			);
			dependencies = (
			);
			name = SwiftCkbkTranslate;
			productName = SwiftCkbkTranslate;
			productReference = 686F783BE02FC37A98776182 /* SwiftCkbkTranslate */;
			productType = "com.apple.product-type.tool";
		};
/* End PBXNativeTarget section */

/* Begin PBXProject section */
		686F780F0B000F51CE6070B7 /* Project object */ = {
			isa = PBXProject;
			attributes = {
				ORGANIZATIONNAME = "___FULLUSERNAME___";
			};
			buildConfigurationList = 686F741C2EB6813334FA8EB0 /* Build configuration list for PBXProject "SwiftCkbkTranslate" */;
			compatibilityVersion = "Xcode 3.2";
			developmentRegion = English;
			hasScannedForEncodings = 0;
			knownRegions = (
				en,
			);
			mainGroup = 686F7ACFCFF356BC90DA579C;
			productRefGroup = 686F72F749DB00787D7E6C75 /* Products */;
			projectDirPath = "";
			projectRoot = "";
			targets = (
				686F767345C1A54C0DDC191F /* SwiftCkbkTranslate */,
			);
		};
/* End PBXProject section */

/* Begin PBXSourcesBuildPhase section */
		686F7308C52B838302F68832 /* Sources */ = {
			isa = PBXSourcesBuildPhase;
			buildActionMask = 2147483647;
			files = (
				686F766D1A19726D599B5DDB /* main.swift in Sources */,
				686F76855F977176D0F7999D /* ch1.swift in Sources */,
			);
			runOnlyForDeploymentPostprocessing = 0;
		};
/* End PBXSourcesBuildPhase section */

/* Begin XCBuildConfiguration section */
		686F71E9C54B8F8E6CEE3660 /* Release */ = {
			isa = XCBuildConfiguration;
			buildSettings = {
				ALWAYS_SEARCH_USER_PATHS = NO;
				CLANG_ANALYZER_NONNULL = YES;
				CLANG_CXX_LANGUAGE_STANDARD = "gnu++0x";
				CLANG_CXX_LIBRARY = "libc++";
				CLANG_ENABLE_MODULES = YES;
				CLANG_ENABLE_OBJC_ARC = YES;
				CLANG_WARN_BOOL_CONVERSION = YES;
				CLANG_WARN_CONSTANT_CONVERSION = YES;
				CLANG_WARN_DIRECT_OBJC_ISA_USAGE = YES_ERROR;
				CLANG_WARN_DOCUMENTATION_COMMENTS = YES;
				CLANG_WARN_EMPTY_BODY = YES;
				CLANG_WARN_ENUM_CONVERSION = YES;
				CLANG_WARN_INFINITE_RECURSION = YES;
				CLANG_WARN_INT_CONVERSION = YES;
				CLANG_WARN_OBJC_ROOT_CLASS = YES_ERROR;
				CLANG_WARN_SUSPICIOUS_MOVES = YES;
				CLANG_WARN_UNREACHABLE_CODE = YES;
				CLANG_WARN__DUPLICATE_METHOD_MATCH = YES;
				CODE_SIGN_IDENTITY = "-";
				COPY_PHASE_STRIP = NO;
				DEBUG_INFORMATION_FORMAT = "dwarf-with-dsym";
				ENABLE_NS_ASSERTIONS = NO;
				ENABLE_STRICT_OBJC_MSGSEND = YES;
				GCC_C_LANGUAGE_STANDARD = gnu99;
				GCC_NO_COMMON_BLOCKS = YES;
				GCC_WARN_64_TO_32_BIT_CONVERSION = YES;
				GCC_WARN_ABOUT_RETURN_TYPE = YES_ERROR;
				GCC_WARN_UNDECLARED_SELECTOR = YES;
				GCC_WARN_UNINITIALIZED_AUTOS = YES_AGGRESSIVE;
				GCC_WARN_UNUSED_FUNCTION = YES;
				GCC_WARN_UNUSED_VARIABLE = YES;
				MACOSX_DEPLOYMENT_TARGET = 10.12;
				MTL_ENABLE_DEBUG_INFO = NO;
				SDKROOT = macosx;
			};
			name = Release;
		};
		686F71FB38A79DA29B4BD121 /* Debug */ = {
			isa = XCBuildConfiguration;
			buildSettings = {
				ALWAYS_SEARCH_USER_PATHS = NO;
				CLANG_ANALYZER_NONNULL = YES;
				CLANG_CXX_LANGUAGE_STANDARD = "gnu++0x";
				CLANG_CXX_LIBRARY = "libc++";
				CLANG_ENABLE_MODULES = YES;
				CLANG_ENABLE_OBJC_ARC = YES;
				CLANG_WARN_BOOL_CONVERSION = YES;
				CLANG_WARN_CONSTANT_CONVERSION = YES;
				CLANG_WARN_DIRECT_OBJC_ISA_USAGE = YES_ERROR;
				CLANG_WARN_DOCUMENTATION_COMMENTS = YES;
				CLANG_WARN_EMPTY_BODY = YES;
				CLANG_WARN_ENUM_CONVERSION = YES;
				CLANG_WARN_INFINITE_RECURSION = YES;
				CLANG_WARN_INT_CONVERSION = YES;
				CLANG_WARN_OBJC_ROOT_CLASS = YES_ERROR;
				CLANG_WARN_SUSPICIOUS_MOVES = YES;
				CLANG_WARN_UNREACHABLE_CODE = YES;
				CLANG_WARN__DUPLICATE_METHOD_MATCH = YES;
				CODE_SIGN_IDENTITY = "-";
				COPY_PHASE_STRIP = NO;
				DEBUG_INFORMATION_FORMAT = dwarf;
				ENABLE_STRICT_OBJC_MSGSEND = YES;
				ENABLE_TESTABILITY = YES;
				GCC_C_LANGUAGE_STANDARD = gnu99;
				GCC_DYNAMIC_NO_PIC = NO;
				GCC_NO_COMMON_BLOCKS = YES;
				GCC_OPTIMIZATION_LEVEL = 0;
				GCC_PREPROCESSOR_DEFINITIONS = (
					"DEBUG=1",
					"$(inherited)",
				);
				GCC_WARN_64_TO_32_BIT_CONVERSION = YES;
				GCC_WARN_ABOUT_RETURN_TYPE = YES_ERROR;
				GCC_WARN_UNDECLARED_SELECTOR = YES;
				GCC_WARN_UNINITIALIZED_AUTOS = YES_AGGRESSIVE;
				GCC_WARN_UNUSED_FUNCTION = YES;
				GCC_WARN_UNUSED_VARIABLE = YES;
				MACOSX_DEPLOYMENT_TARGET = 10.12;
				MTL_ENABLE_DEBUG_INFO = YES;
				ONLY_ACTIVE_ARCH = YES;
				SDKROOT = macosx;
				SWIFT_OPTIMIZATION_LEVEL = "-Onone";
			};
			name = Debug;
		};
		686F7666B25BFD87E9B5A00B /* Debug */ = {
			isa = XCBuildConfiguration;
			buildSettings = {
				PRODUCT_NAME = "$(TARGET_NAME)";
				SWIFT_VERSION = 3.0;
			};
			name = Debug;
		};
		686F7D178CE4018908F96797 /* Release */ = {
			isa = XCBuildConfiguration;
			buildSettings = {
				PRODUCT_NAME = "$(TARGET_NAME)";
				SWIFT_VERSION = 3.0;
			};
			name = Release;
		};
/* End XCBuildConfiguration section */

/* Begin XCConfigurationList section */
		686F71D38902475FA62DCF53 /* Build configuration list for PBXNativeTarget "SwiftCkbkTranslate" */ = {
			isa = XCConfigurationList;
			buildConfigurations = (
				686F7666B25BFD87E9B5A00B /* Debug */,
				686F7D178CE4018908F96797 /* Release */,
			);
			defaultConfigurationIsVisible = 0;
		};
		686F741C2EB6813334FA8EB0 /* Build configuration list for PBXProject "SwiftCkbkTranslate" */ = {
			isa = XCConfigurationList;
			buildConfigurations = (
				686F71FB38A79DA29B4BD121 /* Debug */,
				686F71E9C54B8F8E6CEE3660 /* Release */,
			);
			defaultConfigurationIsVisible = 0;
			defaultConfigurationName = Release;
		};
/* End XCConfigurationList section */
	};
	rootObject = 686F780F0B000F51CE6070B7 /* Project object */;
}
