// !$*UTF8*$!
{
	archiveVersion = 1;
	classes = {
	};
	objectVersion = 46;
	objects = {

/* Begin PBXBuildFile section */
		369EB6821D9235B5006747BE /* AppDelegate.swift in Sources */ = {isa = PBXBuildFile; fileRef = 369EB6811D9235B5006747BE /* AppDelegate.swift */; };
		369EB6841D9235B5006747BE /* Assets.xcassets in Resources */ = {isa = PBXBuildFile; fileRef = 369EB6831D9235B5006747BE /* Assets.xcassets */; };
		369EB6871D9235B5006747BE /* MainMenu.xib in Resources */ = {isa = PBXBuildFile; fileRef = 369EB6851D9235B5006747BE /* MainMenu.xib */; };
		369EB68F1D923610006747BE /* MainWindowController.swift in Sources */ = {isa = PBXBuildFile; fileRef = 369EB68E1D923610006747BE /* MainWindowController.swift */; };
		369EB6911D923621006747BE /* MainWindowController.xib in Resources */ = {isa = PBXBuildFile; fileRef = 369EB6901D923621006747BE /* MainWindowController.xib */; };
/* End PBXBuildFile section */

/* Begin PBXFileReference section */
		361BEA281D98B9E100677430 /* Thermostat.entitlements */ = {isa = PBXFileReference; lastKnownFileType = text.plist.entitlements; path = Thermostat.entitlements; sourceTree = "<group>"; };
		369EB67E1D9235B5006747BE /* Thermostat.app */ = {isa = PBXFileReference; explicitFileType = wrapper.application; includeInIndex = 0; path = Thermostat.app; sourceTree = BUILT_PRODUCTS_DIR; };
		369EB6811D9235B5006747BE /* AppDelegate.swift */ = {isa = PBXFileReference; lastKnownFileType = sourcecode.swift; path = AppDelegate.swift; sourceTree = "<group>"; };
		369EB6831D9235B5006747BE /* Assets.xcassets */ = {isa = PBXFileReference; lastKnownFileType = folder.assetcatalog; path = Assets.xcassets; sourceTree = "<group>"; };
		369EB6861D9235B5006747BE /* Base */ = {isa = PBXFileReference; lastKnownFileType = file.xib; name = Base; path = Base.lproj/MainMenu.xib; sourceTree = "<group>"; };
		369EB6881D9235B5006747BE /* Info.plist */ = {isa = PBXFileReference; lastKnownFileType = text.plist.xml; path = Info.plist; sourceTree = "<group>"; };
		369EB68E1D923610006747BE /* MainWindowController.swift */ = {isa = PBXFileReference; fileEncoding = 4; lastKnownFileType = sourcecode.swift; path = MainWindowController.swift; sourceTree = "<group>"; };
		369EB6901D923621006747BE /* MainWindowController.xib */ = {isa = PBXFileReference; fileEncoding = 4; lastKnownFileType = file.xib; path = MainWindowController.xib; sourceTree = "<group>"; };
/* End PBXFileReference section */

/* Begin PBXFrameworksBuildPhase section */
		369EB67B1D9235B5006747BE /* Frameworks */ = {
			isa = PBXFrameworksBuildPhase;
			buildActionMask = 2147483647;
			files = (
			);
			runOnlyForDeploymentPostprocessing = 0;
		};
/* End PBXFrameworksBuildPhase section */

/* Begin PBXGroup section */
		369EB6751D9235B5006747BE = {
			isa = PBXGroup;
			children = (
				369EB6801D9235B5006747BE /* Thermostat */,
				369EB67F1D9235B5006747BE /* Products */,
			);
			sourceTree = "<group>";
		};
		369EB67F1D9235B5006747BE /* Products */ = {
			isa = PBXGroup;
			children = (
				369EB67E1D9235B5006747BE /* Thermostat.app */,
			);
			name = Products;
			sourceTree = "<group>";
		};
		369EB6801D9235B5006747BE /* Thermostat */ = {
			isa = PBXGroup;
			children = (
				361BEA281D98B9E100677430 /* Thermostat.entitlements */,
				369EB6811D9235B5006747BE /* AppDelegate.swift */,
				369EB68E1D923610006747BE /* MainWindowController.swift */,
				369EB6901D923621006747BE /* MainWindowController.xib */,
				369EB6831D9235B5006747BE /* Assets.xcassets */,
				369EB6851D9235B5006747BE /* MainMenu.xib */,
				369EB6881D9235B5006747BE /* Info.plist */,
			);
			path = Thermostat;
			sourceTree = "<group>";
		};
/* End PBXGroup section */

/* Begin PBXNativeTarget section */
		369EB67D1D9235B5006747BE /* Thermostat */ = {
			isa = PBXNativeTarget;
			buildConfigurationList = 369EB68B1D9235B5006747BE /* Build configuration list for PBXNativeTarget "Thermostat" */;
			buildPhases = (
				369EB67A1D9235B5006747BE /* Sources */,
				369EB67B1D9235B5006747BE /* Frameworks */,
				369EB67C1D9235B5006747BE /* Resources */,
			);
			buildRules = (
			);
			dependencies = (
			);
			name = Thermostat;
			productName = Thermostat;
			productReference = 369EB67E1D9235B5006747BE /* Thermostat.app */;
			productType = "com.apple.product-type.application";
		};
/* End PBXNativeTarget section */

/* Begin PBXProject section */
		369EB6761D9235B5006747BE /* Project object */ = {
			isa = PBXProject;
			attributes = {
				LastSwiftUpdateCheck = 0800;
				LastUpgradeCheck = 0800;
				ORGANIZATIONNAME = "Tim Shull";
				TargetAttributes = {
					369EB67D1D9235B5006747BE = {
						CreatedOnToolsVersion = 8.0;
						ProvisioningStyle = Automatic;
						SystemCapabilities = {
							com.apple.Sandbox = {
								enabled = 0;
							};
						};
					};
				};
			};
			buildConfigurationList = 369EB6791D9235B5006747BE /* Build configuration list for PBXProject "Thermostat" */;
			compatibilityVersion = "Xcode 3.2";
			developmentRegion = English;
			hasScannedForEncodings = 0;
			knownRegions = (
				en,
				Base,
			);
			mainGroup = 369EB6751D9235B5006747BE;
			productRefGroup = 369EB67F1D9235B5006747BE /* Products */;
			projectDirPath = "";
			projectRoot = "";
			targets = (
				369EB67D1D9235B5006747BE /* Thermostat */,
			);
		};
/* End PBXProject section */

/* Begin PBXResourcesBuildPhase section */
		369EB67C1D9235B5006747BE /* Resources */ = {
			isa = PBXResourcesBuildPhase;
			buildActionMask = 2147483647;
			files = (
				369EB6841D9235B5006747BE /* Assets.xcassets in Resources */,
				369EB6911D923621006747BE /* MainWindowController.xib in Resources */,
				369EB6871D9235B5006747BE /* MainMenu.xib in Resources */,
			);
			runOnlyForDeploymentPostprocessing = 0;
		};
/* End PBXResourcesBuildPhase section */

/* Begin PBXSourcesBuildPhase section */
		369EB67A1D9235B5006747BE /* Sources */ = {
			isa = PBXSourcesBuildPhase;
			buildActionMask = 2147483647;
			files = (
				369EB68F1D923610006747BE /* MainWindowController.swift in Sources */,
				369EB6821D9235B5006747BE /* AppDelegate.swift in Sources */,
			);
			runOnlyForDeploymentPostprocessing = 0;
		};
/* End PBXSourcesBuildPhase section */

/* Begin PBXVariantGroup section */
		369EB6851D9235B5006747BE /* MainMenu.xib */ = {
			isa = PBXVariantGroup;
			children = (
				369EB6861D9235B5006747BE /* Base */,
			);
			name = MainMenu.xib;
			sourceTree = "<group>";
		};
/* End PBXVariantGroup section */

/* Begin XCBuildConfiguration section */
		369EB6891D9235B5006747BE /* Debug */ = {
			isa = XCBuildConfiguration;
			buildSettings = {
				ALWAYS_SEARCH_USER_PATHS = NO;
				CLANG_ANALYZER_NONNULL = YES;
				CLANG_CXX_LANGUAGE_STANDARD = "gnu++0x";
				CLANG_CXX_LIBRARY = "libc++";
				CLANG_ENABLE_MODULES = YES;
				CLANG_ENABLE_OBJC_ARC = YES;
				CLANG_WARN_BOOL_CONVERSION = YES;
				CLANG_WARN_CONSTANT_CONVERSION = YES;
				CLANG_WARN_DIRECT_OBJC_ISA_USAGE = YES_ERROR;
				CLANG_WARN_DOCUMENTATION_COMMENTS = YES;
				CLANG_WARN_EMPTY_BODY = YES;
				CLANG_WARN_ENUM_CONVERSION = YES;
				CLANG_WARN_INFINITE_RECURSION = YES;
				CLANG_WARN_INT_CONVERSION = YES;
				CLANG_WARN_OBJC_ROOT_CLASS = YES_ERROR;
				CLANG_WARN_SUSPICIOUS_MOVES = YES;
				CLANG_WARN_UNREACHABLE_CODE = YES;
				CLANG_WARN__DUPLICATE_METHOD_MATCH = YES;
				CODE_SIGN_IDENTITY = "-";
				COPY_PHASE_STRIP = NO;
				DEBUG_INFORMATION_FORMAT = dwarf;
				ENABLE_STRICT_OBJC_MSGSEND = YES;
				ENABLE_TESTABILITY = YES;
				GCC_C_LANGUAGE_STANDARD = gnu99;
				GCC_DYNAMIC_NO_PIC = NO;
				GCC_NO_COMMON_BLOCKS = YES;
				GCC_OPTIMIZATION_LEVEL = 0;
				GCC_PREPROCESSOR_DEFINITIONS = (
					"DEBUG=1",
					"$(inherited)",
				);
				GCC_WARN_64_TO_32_BIT_CONVERSION = YES;
				GCC_WARN_ABOUT_RETURN_TYPE = YES_ERROR;
				GCC_WARN_UNDECLARED_SELECTOR = YES;
				GCC_WARN_UNINITIALIZED_AUTOS = YES_AGGRESSIVE;
				GCC_WARN_UNUSED_FUNCTION = YES;
				GCC_WARN_UNUSED_VARIABLE = YES;
				MACOSX_DEPLOYMENT_TARGET = 10.11;
				MTL_ENABLE_DEBUG_INFO = YES;
				ONLY_ACTIVE_ARCH = YES;
				SDKROOT = macosx;
				SWIFT_ACTIVE_COMPILATION_CONDITIONS = DEBUG;
				SWIFT_OPTIMIZATION_LEVEL = "-Onone";
			};
			name = Debug;
		};
		369EB68A1D9235B5006747BE /* Release */ = {
			isa = XCBuildConfiguration;
			buildSettings = {
				ALWAYS_SEARCH_USER_PATHS = NO;
				CLANG_ANALYZER_NONNULL = YES;
				CLANG_CXX_LANGUAGE_STANDARD = "gnu++0x";
				CLANG_CXX_LIBRARY = "libc++";
				CLANG_ENABLE_MODULES = YES;
				CLANG_ENABLE_OBJC_ARC = YES;
				CLANG_WARN_BOOL_CONVERSION = YES;
				CLANG_WARN_CONSTANT_CONVERSION = YES;
				CLANG_WARN_DIRECT_OBJC_ISA_USAGE = YES_ERROR;
				CLANG_WARN_DOCUMENTATION_COMMENTS = YES;
				CLANG_WARN_EMPTY_BODY = YES;
				CLANG_WARN_ENUM_CONVERSION = YES;
				CLANG_WARN_INFINITE_RECURSION = YES;
				CLANG_WARN_INT_CONVERSION = YES;
				CLANG_WARN_OBJC_ROOT_CLASS = YES_ERROR;
				CLANG_WARN_SUSPICIOUS_MOVES = YES;
				CLANG_WARN_UNREACHABLE_CODE = YES;
				CLANG_WARN__DUPLICATE_METHOD_MATCH = YES;
				CODE_SIGN_IDENTITY = "-";
				COPY_PHASE_STRIP = NO;
				DEBUG_INFORMATION_FORMAT = "dwarf-with-dsym";
				ENABLE_NS_ASSERTIONS = NO;
				ENABLE_STRICT_OBJC_MSGSEND = YES;
				GCC_C_LANGUAGE_STANDARD = gnu99;
				GCC_NO_COMMON_BLOCKS = YES;
				GCC_WARN_64_TO_32_BIT_CONVERSION = YES;
				GCC_WARN_ABOUT_RETURN_TYPE = YES_ERROR;
				GCC_WARN_UNDECLARED_SELECTOR = YES;
				GCC_WARN_UNINITIALIZED_AUTOS = YES_AGGRESSIVE;
				GCC_WARN_UNUSED_FUNCTION = YES;
				GCC_WARN_UNUSED_VARIABLE = YES;
				MACOSX_DEPLOYMENT_TARGET = 10.11;
				MTL_ENABLE_DEBUG_INFO = NO;
				SDKROOT = macosx;
				SWIFT_OPTIMIZATION_LEVEL = "-Owholemodule";
			};
			name = Release;
		};
		369EB68C1D9235B5006747BE /* Debug */ = {
			isa = XCBuildConfiguration;
			buildSettings = {
				ASSETCATALOG_COMPILER_APPICON_NAME = AppIcon;
				CODE_SIGN_ENTITLEMENTS = Thermostat/Thermostat.entitlements;
				COMBINE_HIDPI_IMAGES = YES;
				INFOPLIST_FILE = Thermostat/Info.plist;
				LD_RUNPATH_SEARCH_PATHS = "$(inherited) @executable_path/../Frameworks";
				PRODUCT_BUNDLE_IDENTIFIER = com.tshull.Thermostat;
				PRODUCT_NAME = "$(TARGET_NAME)";
				SWIFT_VERSION = 3.0;
			};
			name = Debug;
		};
		369EB68D1D9235B5006747BE /* Release */ = {
			isa = XCBuildConfiguration;
			buildSettings = {
				ASSETCATALOG_COMPILER_APPICON_NAME = AppIcon;
				CODE_SIGN_ENTITLEMENTS = Thermostat/Thermostat.entitlements;
				COMBINE_HIDPI_IMAGES = YES;
				INFOPLIST_FILE = Thermostat/Info.plist;
				LD_RUNPATH_SEARCH_PATHS = "$(inherited) @executable_path/../Frameworks";
				PRODUCT_BUNDLE_IDENTIFIER = com.tshull.Thermostat;
				PRODUCT_NAME = "$(TARGET_NAME)";
				SWIFT_VERSION = 3.0;
			};
			name = Release;
		};
/* End XCBuildConfiguration section */

/* Begin XCConfigurationList section */
		369EB6791D9235B5006747BE /* Build configuration list for PBXProject "Thermostat" */ = {
			isa = XCConfigurationList;
			buildConfigurations = (
				369EB6891D9235B5006747BE /* Debug */,
				369EB68A1D9235B5006747BE /* Release */,
			);
			defaultConfigurationIsVisible = 0;
			defaultConfigurationName = Release;
		};
		369EB68B1D9235B5006747BE /* Build configuration list for PBXNativeTarget "Thermostat" */ = {
			isa = XCConfigurationList;
			buildConfigurations = (
				369EB68C1D9235B5006747BE /* Debug */,
				369EB68D1D9235B5006747BE /* Release */,
			);
			defaultConfigurationIsVisible = 0;
			defaultConfigurationName = Release;
		};
/* End XCConfigurationList section */
	};
	rootObject = 369EB6761D9235B5006747BE /* Project object */;
}
